Microsoft Visual Studio Solution File, Format Version 11.00
# Visual Studio 2008

Project("{971F6703-AE48-6A61-D0F9-D3C947F468C3}") = "WWW_test", "Assembly-CSharp-firstpass.csproj", "{772CB624-87ED-1C48-5B0F-D531F81FF34B}"
EndProject
Project("{971F6703-AE48-6A61-D0F9-D3C947F468C3}") = "WWW_test", "Assembly-CSharp.csproj", "{EC567E99-1EBB-3344-DF5F-DE3081B09C1E}"
EndProject
Global
	GlobalSection(SolutionConfigurationPlatforms) = preSolution
		Debug|Any CPU = Debug|Any CPU
		Release|Any CPU = Release|Any CPU
	EndGlobalSection
	GlobalSection(ProjectConfigurationPlatforms) = postSolution
		{772CB624-87ED-1C48-5B0F-D531F81FF34B}.Debug|Any CPU.ActiveCfg = Debug|Any CPU
		{772CB624-87ED-1C48-5B0F-D531F81FF34B}.Debug|Any CPU.Build.0 = Debug|Any CPU
		{772CB624-87ED-1C48-5B0F-D531F81FF34B}.Release|Any CPU.ActiveCfg = Release|Any CPU
		{772CB624-87ED-1C48-5B0F-D531F81FF34B}.Release|Any CPU.Build.0 = Release|Any CPU
		{EC567E99-1EBB-3344-DF5F-DE3081B09C1E}.Debug|Any CPU.ActiveCfg = Debug|Any CPU
		{EC567E99-1EBB-3344-DF5F-DE3081B09C1E}.Debug|Any CPU.Build.0 = Debug|Any CPU
		{EC567E99-1EBB-3344-DF5F-DE3081B09C1E}.Release|Any CPU.ActiveCfg = Release|Any CPU
		{EC567E99-1EBB-3344-DF5F-DE3081B09C1E}.Release|Any CPU.Build.0 = Release|Any CPU
	EndGlobalSection
	GlobalSection(SolutionProperties) = preSolution
		HideSolutionNode = FALSE
	EndGlobalSection
																			GlobalSection(MonoDevelopProperties) = preSolution
		StartupItem = Assembly-CSharp.csproj
		Policies = $0
		$0.TextStylePolicy = $1
		$1.inheritsSet = null
		$1.scope = text/x-csharp
		$0.CSharpFormattingPolicy = $2
		$2.inheritsSet = Mono
		$2.inheritsScope = text/x-csharp
		$2.scope = text/x-csharp
		$0.TextStylePolicy = $3
		$3.FileWidth = 120
		$3.TabWidth = 4
		$3.IndentWidth = 4
		$3.EolMarker = Unix
		$3.inheritsSet = Mono
		$3.inheritsScope = text/plain
		$3.scope = text/plain
	EndGlobalSection

EndGlobal
